
Microsoft Visual Studio Solution File, Format Version 12.00
# Visual Studio Version 17
VisualStudioVersion = 17.5.2.0
MinimumVisualStudioVersion = 10.0.40219.1
Project("{FAE04EC0-301F-11D3-BF4B-00C04F79EFBC}") = "inlämning", "inlämning.csproj", "{27D15421-E6DF-CE59-A50F-0F50228C78EE}"
EndProject
Global
	GlobalSection(SolutionConfigurationPlatforms) = preSolution
		Debug|Any CPU = Debug|Any CPU
		Release|Any CPU = Release|Any CPU
	EndGlobalSection
	GlobalSection(ProjectConfigurationPlatforms) = postSolution
		{27D15421-E6DF-CE59-A50F-0F50228C78EE}.Debug|Any CPU.ActiveCfg = Debug|Any CPU
		{27D15421-E6DF-CE59-A50F-0F50228C78EE}.Debug|Any CPU.Build.0 = Debug|Any CPU
		{27D15421-E6DF-CE59-A50F-0F50228C78EE}.Release|Any CPU.ActiveCfg = Release|Any CPU
		{27D15421-E6DF-CE59-A50F-0F50228C78EE}.Release|Any CPU.Build.0 = Release|Any CPU
	EndGlobalSection
	GlobalSection(SolutionProperties) = preSolution
		HideSolutionNode = FALSE
	EndGlobalSection
	GlobalSection(ExtensibilityGlobals) = postSolution
		SolutionGuid = {5F24B7E2-BB66-49AA-A574-D5B602660AFF}
	EndGlobalSection
EndGlobal
